// !$*UTF8*$!
{
	archiveVersion = 1;
	classes = {
	};
	objectVersion = 46;
	objects = {

/* Begin PBXBuildFile section */
		2B0346BE17A4948B00107691 /* TemplateMethodViewController.m in Sources */ = {isa = PBXBuildFile; fileRef = 2B0346BD17A4948B00107691 /* TemplateMethodViewController.m */; };
		2B0346C117A49B6300107691 /* Life.m in Sources */ = {isa = PBXBuildFile; fileRef = 2B0346C017A49B6300107691 /* Life.m */; };
		2B0346C417A49C0C00107691 /* GoodLife.m in Sources */ = {isa = PBXBuildFile; fileRef = 2B0346C317A49C0C00107691 /* GoodLife.m */; };
		2B1F85B71776D96000639517 /* IteratorViewController.m in Sources */ = {isa = PBXBuildFile; fileRef = 2B1F85B61776D96000639517 /* IteratorViewController.m */; };
		2B1F85BD1776DAE900639517 /* ObserverViewController.m in Sources */ = {isa = PBXBuildFile; fileRef = 2B1F85BB1776DAE900639517 /* ObserverViewController.m */; };
		2B1F85C31776E3E400639517 /* SingletonViewController.m in Sources */ = {isa = PBXBuildFile; fileRef = 2B1F85C11776E3E400639517 /* SingletonViewController.m */; };
		2B1F85C71776E4AB00639517 /* SingletonObject.m in Sources */ = {isa = PBXBuildFile; fileRef = 2B1F85C61776E4AB00639517 /* SingletonObject.m */; };
		2B5D36331764262400AE2616 /* UIKit.framework in Frameworks */ = {isa = PBXBuildFile; fileRef = 2B5D36321764262400AE2616 /* UIKit.framework */; };
		2B5D36351764262400AE2616 /* Foundation.framework in Frameworks */ = {isa = PBXBuildFile; fileRef = 2B5D36341764262400AE2616 /* Foundation.framework */; };
		2B5D36371764262400AE2616 /* CoreGraphics.framework in Frameworks */ = {isa = PBXBuildFile; fileRef = 2B5D36361764262400AE2616 /* CoreGraphics.framework */; };
		2B5D363D1764262400AE2616 /* InfoPlist.strings in Resources */ = {isa = PBXBuildFile; fileRef = 2B5D363B1764262400AE2616 /* InfoPlist.strings */; };
		2B5D363F1764262400AE2616 /* main.m in Sources */ = {isa = PBXBuildFile; fileRef = 2B5D363E1764262400AE2616 /* main.m */; };
		2B5D36431764262400AE2616 /* AppDelegate.m in Sources */ = {isa = PBXBuildFile; fileRef = 2B5D36421764262400AE2616 /* AppDelegate.m */; };
		2B5D36451764262400AE2616 /* Default.png in Resources */ = {isa = PBXBuildFile; fileRef = 2B5D36441764262400AE2616 /* Default.png */; };
		2B5D36471764262400AE2616 /* Default@2x.png in Resources */ = {isa = PBXBuildFile; fileRef = 2B5D36461764262400AE2616 /* Default@2x.png */; };
		2B5D36491764262400AE2616 /* Default-568h@2x.png in Resources */ = {isa = PBXBuildFile; fileRef = 2B5D36481764262400AE2616 /* Default-568h@2x.png */; };
		2B5D365A17643F7900AE2616 /* BookShelf.m in Sources */ = {isa = PBXBuildFile; fileRef = 2B5D365917643F7900AE2616 /* BookShelf.m */; };
		2B5D365D176440F800AE2616 /* Book.m in Sources */ = {isa = PBXBuildFile; fileRef = 2B5D365C176440F800AE2616 /* Book.m */; };
		2B5D366017644CAF00AE2616 /* BookShelfEnumerator.m in Sources */ = {isa = PBXBuildFile; fileRef = 2B5D365F17644CAF00AE2616 /* BookShelfEnumerator.m */; };
		2B78A34E17892A4F00DBC118 /* ConcreateCreater.m in Sources */ = {isa = PBXBuildFile; fileRef = 2B78A34317892A4F00DBC118 /* ConcreateCreater.m */; };
		2B78A34F17892A4F00DBC118 /* Creator.m in Sources */ = {isa = PBXBuildFile; fileRef = 2B78A34517892A4F00DBC118 /* Creator.m */; };
		2B78A35017892A4F00DBC118 /* FactoryViewController.m in Sources */ = {isa = PBXBuildFile; fileRef = 2B78A34717892A4F00DBC118 /* FactoryViewController.m */; };
		2B78A35117892A4F00DBC118 /* Product.m in Sources */ = {isa = PBXBuildFile; fileRef = 2B78A34917892A4F00DBC118 /* Product.m */; };
		2B78A35217892A4F00DBC118 /* ProductA.m in Sources */ = {isa = PBXBuildFile; fileRef = 2B78A34B17892A4F00DBC118 /* ProductA.m */; };
		2B78A35317892A4F00DBC118 /* ProductB.m in Sources */ = {isa = PBXBuildFile; fileRef = 2B78A34D17892A4F00DBC118 /* ProductB.m */; };
/* End PBXBuildFile section */

/* Begin PBXFileReference section */
		2B0346BC17A4948B00107691 /* TemplateMethodViewController.h */ = {isa = PBXFileReference; fileEncoding = 4; lastKnownFileType = sourcecode.c.h; path = TemplateMethodViewController.h; sourceTree = "<group>"; };
		2B0346BD17A4948B00107691 /* TemplateMethodViewController.m */ = {isa = PBXFileReference; fileEncoding = 4; lastKnownFileType = sourcecode.c.objc; path = TemplateMethodViewController.m; sourceTree = "<group>"; };
		2B0346BF17A49B6300107691 /* Life.h */ = {isa = PBXFileReference; fileEncoding = 4; lastKnownFileType = sourcecode.c.h; path = Life.h; sourceTree = "<group>"; };
		2B0346C017A49B6300107691 /* Life.m */ = {isa = PBXFileReference; fileEncoding = 4; lastKnownFileType = sourcecode.c.objc; path = Life.m; sourceTree = "<group>"; };
		2B0346C217A49C0C00107691 /* GoodLife.h */ = {isa = PBXFileReference; fileEncoding = 4; lastKnownFileType = sourcecode.c.h; path = GoodLife.h; sourceTree = "<group>"; };
		2B0346C317A49C0C00107691 /* GoodLife.m */ = {isa = PBXFileReference; fileEncoding = 4; lastKnownFileType = sourcecode.c.objc; path = GoodLife.m; sourceTree = "<group>"; };
		2B1F85B51776D96000639517 /* IteratorViewController.h */ = {isa = PBXFileReference; fileEncoding = 4; lastKnownFileType = sourcecode.c.h; path = IteratorViewController.h; sourceTree = "<group>"; };
		2B1F85B61776D96000639517 /* IteratorViewController.m */ = {isa = PBXFileReference; fileEncoding = 4; lastKnownFileType = sourcecode.c.objc; path = IteratorViewController.m; sourceTree = "<group>"; };
		2B1F85BA1776DAE900639517 /* ObserverViewController.h */ = {isa = PBXFileReference; fileEncoding = 4; lastKnownFileType = sourcecode.c.h; path = ObserverViewController.h; sourceTree = "<group>"; };
		2B1F85BB1776DAE900639517 /* ObserverViewController.m */ = {isa = PBXFileReference; fileEncoding = 4; lastKnownFileType = sourcecode.c.objc; path = ObserverViewController.m; sourceTree = "<group>"; };
		2B1F85C01776E3E400639517 /* SingletonViewController.h */ = {isa = PBXFileReference; fileEncoding = 4; lastKnownFileType = sourcecode.c.h; path = SingletonViewController.h; sourceTree = "<group>"; };
		2B1F85C11776E3E400639517 /* SingletonViewController.m */ = {isa = PBXFileReference; fileEncoding = 4; lastKnownFileType = sourcecode.c.objc; path = SingletonViewController.m; sourceTree = "<group>"; };
		2B1F85C51776E4AB00639517 /* SingletonObject.h */ = {isa = PBXFileReference; fileEncoding = 4; lastKnownFileType = sourcecode.c.h; path = SingletonObject.h; sourceTree = "<group>"; };
		2B1F85C61776E4AB00639517 /* SingletonObject.m */ = {isa = PBXFileReference; fileEncoding = 4; lastKnownFileType = sourcecode.c.objc; path = SingletonObject.m; sourceTree = "<group>"; };
		2B5D362F1764262400AE2616 /* GoFTestProgram.app */ = {isa = PBXFileReference; explicitFileType = wrapper.application; includeInIndex = 0; path = GoFTestProgram.app; sourceTree = BUILT_PRODUCTS_DIR; };
		2B5D36321764262400AE2616 /* UIKit.framework */ = {isa = PBXFileReference; lastKnownFileType = wrapper.framework; name = UIKit.framework; path = System/Library/Frameworks/UIKit.framework; sourceTree = SDKROOT; };
		2B5D36341764262400AE2616 /* Foundation.framework */ = {isa = PBXFileReference; lastKnownFileType = wrapper.framework; name = Foundation.framework; path = System/Library/Frameworks/Foundation.framework; sourceTree = SDKROOT; };
		2B5D36361764262400AE2616 /* CoreGraphics.framework */ = {isa = PBXFileReference; lastKnownFileType = wrapper.framework; name = CoreGraphics.framework; path = System/Library/Frameworks/CoreGraphics.framework; sourceTree = SDKROOT; };
		2B5D363A1764262400AE2616 /* GoFTestProgram-Info.plist */ = {isa = PBXFileReference; lastKnownFileType = text.plist.xml; path = "GoFTestProgram-Info.plist"; sourceTree = "<group>"; };
		2B5D363C1764262400AE2616 /* en */ = {isa = PBXFileReference; lastKnownFileType = text.plist.strings; name = en; path = en.lproj/InfoPlist.strings; sourceTree = "<group>"; };
		2B5D363E1764262400AE2616 /* main.m */ = {isa = PBXFileReference; lastKnownFileType = sourcecode.c.objc; path = main.m; sourceTree = "<group>"; };
		2B5D36401764262400AE2616 /* GoFTestProgram-Prefix.pch */ = {isa = PBXFileReference; lastKnownFileType = sourcecode.c.h; path = "GoFTestProgram-Prefix.pch"; sourceTree = "<group>"; };
		2B5D36411764262400AE2616 /* AppDelegate.h */ = {isa = PBXFileReference; lastKnownFileType = sourcecode.c.h; path = AppDelegate.h; sourceTree = "<group>"; };
		2B5D36421764262400AE2616 /* AppDelegate.m */ = {isa = PBXFileReference; lastKnownFileType = sourcecode.c.objc; path = AppDelegate.m; sourceTree = "<group>"; };
		2B5D36441764262400AE2616 /* Default.png */ = {isa = PBXFileReference; lastKnownFileType = image.png; path = Default.png; sourceTree = "<group>"; };
		2B5D36461764262400AE2616 /* Default@2x.png */ = {isa = PBXFileReference; lastKnownFileType = image.png; path = "Default@2x.png"; sourceTree = "<group>"; };
		2B5D36481764262400AE2616 /* Default-568h@2x.png */ = {isa = PBXFileReference; lastKnownFileType = image.png; path = "Default-568h@2x.png"; sourceTree = "<group>"; };
		2B5D365817643F7900AE2616 /* BookShelf.h */ = {isa = PBXFileReference; fileEncoding = 4; lastKnownFileType = sourcecode.c.h; path = BookShelf.h; sourceTree = "<group>"; };
		2B5D365917643F7900AE2616 /* BookShelf.m */ = {isa = PBXFileReference; fileEncoding = 4; lastKnownFileType = sourcecode.c.objc; path = BookShelf.m; sourceTree = "<group>"; };
		2B5D365B176440F800AE2616 /* Book.h */ = {isa = PBXFileReference; fileEncoding = 4; lastKnownFileType = sourcecode.c.h; path = Book.h; sourceTree = "<group>"; };
		2B5D365C176440F800AE2616 /* Book.m */ = {isa = PBXFileReference; fileEncoding = 4; lastKnownFileType = sourcecode.c.objc; path = Book.m; sourceTree = "<group>"; };
		2B5D365E17644CAF00AE2616 /* BookShelfEnumerator.h */ = {isa = PBXFileReference; fileEncoding = 4; lastKnownFileType = sourcecode.c.h; path = BookShelfEnumerator.h; sourceTree = "<group>"; };
		2B5D365F17644CAF00AE2616 /* BookShelfEnumerator.m */ = {isa = PBXFileReference; fileEncoding = 4; lastKnownFileType = sourcecode.c.objc; path = BookShelfEnumerator.m; sourceTree = "<group>"; };
		2B78A34217892A4F00DBC118 /* ConcreateCreater.h */ = {isa = PBXFileReference; fileEncoding = 4; lastKnownFileType = sourcecode.c.h; path = ConcreateCreater.h; sourceTree = "<group>"; };
		2B78A34317892A4F00DBC118 /* ConcreateCreater.m */ = {isa = PBXFileReference; fileEncoding = 4; lastKnownFileType = sourcecode.c.objc; path = ConcreateCreater.m; sourceTree = "<group>"; };
		2B78A34417892A4F00DBC118 /* Creator.h */ = {isa = PBXFileReference; fileEncoding = 4; lastKnownFileType = sourcecode.c.h; path = Creator.h; sourceTree = "<group>"; };
		2B78A34517892A4F00DBC118 /* Creator.m */ = {isa = PBXFileReference; fileEncoding = 4; lastKnownFileType = sourcecode.c.objc; path = Creator.m; sourceTree = "<group>"; };
		2B78A34617892A4F00DBC118 /* FactoryViewController.h */ = {isa = PBXFileReference; fileEncoding = 4; lastKnownFileType = sourcecode.c.h; path = FactoryViewController.h; sourceTree = "<group>"; };
		2B78A34717892A4F00DBC118 /* FactoryViewController.m */ = {isa = PBXFileReference; fileEncoding = 4; lastKnownFileType = sourcecode.c.objc; path = FactoryViewController.m; sourceTree = "<group>"; };
		2B78A34817892A4F00DBC118 /* Product.h */ = {isa = PBXFileReference; fileEncoding = 4; lastKnownFileType = sourcecode.c.h; path = Product.h; sourceTree = "<group>"; };
		2B78A34917892A4F00DBC118 /* Product.m */ = {isa = PBXFileReference; fileEncoding = 4; lastKnownFileType = sourcecode.c.objc; path = Product.m; sourceTree = "<group>"; };
		2B78A34A17892A4F00DBC118 /* ProductA.h */ = {isa = PBXFileReference; fileEncoding = 4; lastKnownFileType = sourcecode.c.h; path = ProductA.h; sourceTree = "<group>"; };
		2B78A34B17892A4F00DBC118 /* ProductA.m */ = {isa = PBXFileReference; fileEncoding = 4; lastKnownFileType = sourcecode.c.objc; path = ProductA.m; sourceTree = "<group>"; };
		2B78A34C17892A4F00DBC118 /* ProductB.h */ = {isa = PBXFileReference; fileEncoding = 4; lastKnownFileType = sourcecode.c.h; path = ProductB.h; sourceTree = "<group>"; };
		2B78A34D17892A4F00DBC118 /* ProductB.m */ = {isa = PBXFileReference; fileEncoding = 4; lastKnownFileType = sourcecode.c.objc; path = ProductB.m; sourceTree = "<group>"; };
/* End PBXFileReference section */

/* Begin PBXFrameworksBuildPhase section */
		2B5D362C1764262400AE2616 /* Frameworks */ = {
			isa = PBXFrameworksBuildPhase;
			buildActionMask = 2147483647;
			files = (
				2B5D36331764262400AE2616 /* UIKit.framework in Frameworks */,
				2B5D36351764262400AE2616 /* Foundation.framework in Frameworks */,
				2B5D36371764262400AE2616 /* CoreGraphics.framework in Frameworks */,
			);
			runOnlyForDeploymentPostprocessing = 0;
		};
/* End PBXFrameworksBuildPhase section */

/* Begin PBXGroup section */
		2B0346BB17A4943300107691 /* TemplateMethod */ = {
			isa = PBXGroup;
			children = (
				2B0346BC17A4948B00107691 /* TemplateMethodViewController.h */,
				2B0346BD17A4948B00107691 /* TemplateMethodViewController.m */,
				2B0346BF17A49B6300107691 /* Life.h */,
				2B0346C017A49B6300107691 /* Life.m */,
				2B0346C217A49C0C00107691 /* GoodLife.h */,
				2B0346C317A49C0C00107691 /* GoodLife.m */,
			);
			name = TemplateMethod;
			path = GoFTestProgram/TemplateMethod;
			sourceTree = "<group>";
		};
		2B1F85B81776DA7400639517 /* Observer */ = {
			isa = PBXGroup;
			children = (
				2B1F85BA1776DAE900639517 /* ObserverViewController.h */,
				2B1F85BB1776DAE900639517 /* ObserverViewController.m */,
			);
			name = Observer;
			path = GoFTestProgram/Observer;
			sourceTree = "<group>";
		};
		2B1F85B91776DA7400639517 /* Proxy */ = {
			isa = PBXGroup;
			children = (
			);
			name = Proxy;
			path = GoFTestProgram/Proxy;
			sourceTree = "<group>";
		};
		2B1F85BF1776E36300639517 /* Singleton */ = {
			isa = PBXGroup;
			children = (
				2B1F85C01776E3E400639517 /* SingletonViewController.h */,
				2B1F85C11776E3E400639517 /* SingletonViewController.m */,
				2B1F85C51776E4AB00639517 /* SingletonObject.h */,
				2B1F85C61776E4AB00639517 /* SingletonObject.m */,
			);
			name = Singleton;
			path = GoFTestProgram/Singleton;
			sourceTree = "<group>";
		};
		2B5D36261764262400AE2616 = {
			isa = PBXGroup;
			children = (
				2B5D36381764262400AE2616 /* GoFTestProgram */,
				2B5D365217643C5600AE2616 /* Iterator */,
				2B1F85B81776DA7400639517 /* Observer */,
				2B1F85B91776DA7400639517 /* Proxy */,
				2B1F85BF1776E36300639517 /* Singleton */,
				2B78A34117892A4F00DBC118 /* Factory */,
				2B0346BB17A4943300107691 /* TemplateMethod */,
				2B5D36391764262400AE2616 /* Supporting Files */,
				2B5D36311764262400AE2616 /* Frameworks */,
				2B5D36301764262400AE2616 /* Products */,
			);
			sourceTree = "<group>";
		};
		2B5D36301764262400AE2616 /* Products */ = {
			isa = PBXGroup;
			children = (
				2B5D362F1764262400AE2616 /* GoFTestProgram.app */,
			);
			name = Products;
			sourceTree = "<group>";
		};
		2B5D36311764262400AE2616 /* Frameworks */ = {
			isa = PBXGroup;
			children = (
				2B5D36321764262400AE2616 /* UIKit.framework */,
				2B5D36341764262400AE2616 /* Foundation.framework */,
				2B5D36361764262400AE2616 /* CoreGraphics.framework */,
			);
			name = Frameworks;
			sourceTree = "<group>";
		};
		2B5D36381764262400AE2616 /* GoFTestProgram */ = {
			isa = PBXGroup;
			children = (
				2B5D36411764262400AE2616 /* AppDelegate.h */,
				2B5D36421764262400AE2616 /* AppDelegate.m */,
			);
			path = GoFTestProgram;
			sourceTree = "<group>";
		};
		2B5D36391764262400AE2616 /* Supporting Files */ = {
			isa = PBXGroup;
			children = (
				2B5D363A1764262400AE2616 /* GoFTestProgram-Info.plist */,
				2B5D363B1764262400AE2616 /* InfoPlist.strings */,
				2B5D363E1764262400AE2616 /* main.m */,
				2B5D36401764262400AE2616 /* GoFTestProgram-Prefix.pch */,
				2B5D36441764262400AE2616 /* Default.png */,
				2B5D36461764262400AE2616 /* Default@2x.png */,
				2B5D36481764262400AE2616 /* Default-568h@2x.png */,
			);
			name = "Supporting Files";
			path = GoFTestProgram;
			sourceTree = "<group>";
		};
		2B5D365217643C5600AE2616 /* Iterator */ = {
			isa = PBXGroup;
			children = (
				2B1F85B51776D96000639517 /* IteratorViewController.h */,
				2B1F85B61776D96000639517 /* IteratorViewController.m */,
				2B5D365817643F7900AE2616 /* BookShelf.h */,
				2B5D365917643F7900AE2616 /* BookShelf.m */,
				2B5D365B176440F800AE2616 /* Book.h */,
				2B5D365C176440F800AE2616 /* Book.m */,
				2B5D365E17644CAF00AE2616 /* BookShelfEnumerator.h */,
				2B5D365F17644CAF00AE2616 /* BookShelfEnumerator.m */,
			);
			name = Iterator;
			path = GoFTestProgram/Iterator;
			sourceTree = "<group>";
		};
		2B78A34117892A4F00DBC118 /* Factory */ = {
			isa = PBXGroup;
			children = (
				2B78A34217892A4F00DBC118 /* ConcreateCreater.h */,
				2B78A34317892A4F00DBC118 /* ConcreateCreater.m */,
				2B78A34417892A4F00DBC118 /* Creator.h */,
				2B78A34517892A4F00DBC118 /* Creator.m */,
				2B78A34617892A4F00DBC118 /* FactoryViewController.h */,
				2B78A34717892A4F00DBC118 /* FactoryViewController.m */,
				2B78A34817892A4F00DBC118 /* Product.h */,
				2B78A34917892A4F00DBC118 /* Product.m */,
				2B78A34A17892A4F00DBC118 /* ProductA.h */,
				2B78A34B17892A4F00DBC118 /* ProductA.m */,
				2B78A34C17892A4F00DBC118 /* ProductB.h */,
				2B78A34D17892A4F00DBC118 /* ProductB.m */,
			);
			name = Factory;
			path = GoFTestProgram/Factory;
			sourceTree = "<group>";
		};
/* End PBXGroup section */

/* Begin PBXNativeTarget section */
		2B5D362E1764262400AE2616 /* GoFTestProgram */ = {
			isa = PBXNativeTarget;
			buildConfigurationList = 2B5D364C1764262400AE2616 /* Build configuration list for PBXNativeTarget "GoFTestProgram" */;
			buildPhases = (
				2B5D362B1764262400AE2616 /* Sources */,
				2B5D362C1764262400AE2616 /* Frameworks */,
				2B5D362D1764262400AE2616 /* Resources */,
			);
			buildRules = (
			);
			dependencies = (
			);
			name = GoFTestProgram;
			productName = GoFTestProgram;
			productReference = 2B5D362F1764262400AE2616 /* GoFTestProgram.app */;
			productType = "com.apple.product-type.application";
		};
/* End PBXNativeTarget section */

/* Begin PBXProject section */
		2B5D36271764262400AE2616 /* Project object */ = {
			isa = PBXProject;
			attributes = {
				LastUpgradeCheck = 0460;
				ORGANIZATIONNAME = akashima;
			};
			buildConfigurationList = 2B5D362A1764262400AE2616 /* Build configuration list for PBXProject "GoFTestProgram" */;
			compatibilityVersion = "Xcode 3.2";
			developmentRegion = English;
			hasScannedForEncodings = 0;
			knownRegions = (
				en,
			);
			mainGroup = 2B5D36261764262400AE2616;
			productRefGroup = 2B5D36301764262400AE2616 /* Products */;
			projectDirPath = "";
			projectRoot = "";
			targets = (
				2B5D362E1764262400AE2616 /* GoFTestProgram */,
			);
		};
/* End PBXProject section */

/* Begin PBXResourcesBuildPhase section */
		2B5D362D1764262400AE2616 /* Resources */ = {
			isa = PBXResourcesBuildPhase;
			buildActionMask = 2147483647;
			files = (
				2B5D363D1764262400AE2616 /* InfoPlist.strings in Resources */,
				2B5D36451764262400AE2616 /* Default.png in Resources */,
				2B5D36471764262400AE2616 /* Default@2x.png in Resources */,
				2B5D36491764262400AE2616 /* Default-568h@2x.png in Resources */,
			);
			runOnlyForDeploymentPostprocessing = 0;
		};
/* End PBXResourcesBuildPhase section */

/* Begin PBXSourcesBuildPhase section */
		2B5D362B1764262400AE2616 /* Sources */ = {
			isa = PBXSourcesBuildPhase;
			buildActionMask = 2147483647;
			files = (
				2B5D363F1764262400AE2616 /* main.m in Sources */,
				2B5D36431764262400AE2616 /* AppDelegate.m in Sources */,
				2B5D365A17643F7900AE2616 /* BookShelf.m in Sources */,
				2B5D365D176440F800AE2616 /* Book.m in Sources */,
				2B5D366017644CAF00AE2616 /* BookShelfEnumerator.m in Sources */,
				2B1F85B71776D96000639517 /* IteratorViewController.m in Sources */,
				2B1F85BD1776DAE900639517 /* ObserverViewController.m in Sources */,
				2B1F85C31776E3E400639517 /* SingletonViewController.m in Sources */,
				2B1F85C71776E4AB00639517 /* SingletonObject.m in Sources */,
				2B78A34E17892A4F00DBC118 /* ConcreateCreater.m in Sources */,
				2B78A34F17892A4F00DBC118 /* Creator.m in Sources */,
				2B78A35017892A4F00DBC118 /* FactoryViewController.m in Sources */,
				2B78A35117892A4F00DBC118 /* Product.m in Sources */,
				2B78A35217892A4F00DBC118 /* ProductA.m in Sources */,
				2B78A35317892A4F00DBC118 /* ProductB.m in Sources */,
				2B0346BE17A4948B00107691 /* TemplateMethodViewController.m in Sources */,
				2B0346C117A49B6300107691 /* Life.m in Sources */,
				2B0346C417A49C0C00107691 /* GoodLife.m in Sources */,
			);
			runOnlyForDeploymentPostprocessing = 0;
		};
/* End PBXSourcesBuildPhase section */

/* Begin PBXVariantGroup section */
		2B5D363B1764262400AE2616 /* InfoPlist.strings */ = {
			isa = PBXVariantGroup;
			children = (
				2B5D363C1764262400AE2616 /* en */,
			);
			name = InfoPlist.strings;
			sourceTree = "<group>";
		};
/* End PBXVariantGroup section */

/* Begin XCBuildConfiguration section */
		2B5D364A1764262400AE2616 /* Debug */ = {
			isa = XCBuildConfiguration;
			buildSettings = {
				ALWAYS_SEARCH_USER_PATHS = NO;
				CLANG_CXX_LANGUAGE_STANDARD = "gnu++0x";
				CLANG_CXX_LIBRARY = "libc++";
				CLANG_WARN_CONSTANT_CONVERSION = YES;
				CLANG_WARN_EMPTY_BODY = YES;
				CLANG_WARN_ENUM_CONVERSION = YES;
				CLANG_WARN_INT_CONVERSION = YES;
				CLANG_WARN__DUPLICATE_METHOD_MATCH = YES;
				"CODE_SIGN_IDENTITY[sdk=iphoneos*]" = "iPhone Developer";
				COPY_PHASE_STRIP = NO;
				GCC_C_LANGUAGE_STANDARD = gnu99;
				GCC_DYNAMIC_NO_PIC = NO;
				GCC_OPTIMIZATION_LEVEL = 0;
				GCC_PREPROCESSOR_DEFINITIONS = (
					"DEBUG=1",
					"$(inherited)",
				);
				GCC_SYMBOLS_PRIVATE_EXTERN = NO;
				GCC_WARN_ABOUT_RETURN_TYPE = YES;
				GCC_WARN_UNINITIALIZED_AUTOS = YES;
				GCC_WARN_UNUSED_VARIABLE = YES;
				IPHONEOS_DEPLOYMENT_TARGET = 6.1;
				ONLY_ACTIVE_ARCH = YES;
				SDKROOT = iphoneos;
				TARGETED_DEVICE_FAMILY = "1,2";
			};
			name = Debug;
		};
		2B5D364B1764262400AE2616 /* Release */ = {
			isa = XCBuildConfiguration;
			buildSettings = {
				ALWAYS_SEARCH_USER_PATHS = NO;
				CLANG_CXX_LANGUAGE_STANDARD = "gnu++0x";
				CLANG_CXX_LIBRARY = "libc++";
				CLANG_WARN_CONSTANT_CONVERSION = YES;
				CLANG_WARN_EMPTY_BODY = YES;
				CLANG_WARN_ENUM_CONVERSION = YES;
				CLANG_WARN_INT_CONVERSION = YES;
				CLANG_WARN__DUPLICATE_METHOD_MATCH = YES;
				"CODE_SIGN_IDENTITY[sdk=iphoneos*]" = "iPhone Developer";
				COPY_PHASE_STRIP = YES;
				GCC_C_LANGUAGE_STANDARD = gnu99;
				GCC_WARN_ABOUT_RETURN_TYPE = YES;
				GCC_WARN_UNINITIALIZED_AUTOS = YES;
				GCC_WARN_UNUSED_VARIABLE = YES;
				IPHONEOS_DEPLOYMENT_TARGET = 6.1;
				OTHER_CFLAGS = "-DNS_BLOCK_ASSERTIONS=1";
				SDKROOT = iphoneos;
				TARGETED_DEVICE_FAMILY = "1,2";
				VALIDATE_PRODUCT = YES;
			};
			name = Release;
		};
		2B5D364D1764262400AE2616 /* Debug */ = {
			isa = XCBuildConfiguration;
			buildSettings = {
				GCC_PRECOMPILE_PREFIX_HEADER = YES;
				GCC_PREFIX_HEADER = "GoFTestProgram/GoFTestProgram-Prefix.pch";
				INFOPLIST_FILE = "GoFTestProgram/GoFTestProgram-Info.plist";
				PRODUCT_NAME = "$(TARGET_NAME)";
				WRAPPER_EXTENSION = app;
			};
			name = Debug;
		};
		2B5D364E1764262400AE2616 /* Release */ = {
			isa = XCBuildConfiguration;
			buildSettings = {
				GCC_PRECOMPILE_PREFIX_HEADER = YES;
				GCC_PREFIX_HEADER = "GoFTestProgram/GoFTestProgram-Prefix.pch";
				INFOPLIST_FILE = "GoFTestProgram/GoFTestProgram-Info.plist";
				PRODUCT_NAME = "$(TARGET_NAME)";
				WRAPPER_EXTENSION = app;
			};
			name = Release;
		};
/* End XCBuildConfiguration section */

/* Begin XCConfigurationList section */
		2B5D362A1764262400AE2616 /* Build configuration list for PBXProject "GoFTestProgram" */ = {
			isa = XCConfigurationList;
			buildConfigurations = (
				2B5D364A1764262400AE2616 /* Debug */,
				2B5D364B1764262400AE2616 /* Release */,
			);
			defaultConfigurationIsVisible = 0;
			defaultConfigurationName = Release;
		};
		2B5D364C1764262400AE2616 /* Build configuration list for PBXNativeTarget "GoFTestProgram" */ = {
			isa = XCConfigurationList;
			buildConfigurations = (
				2B5D364D1764262400AE2616 /* Debug */,
				2B5D364E1764262400AE2616 /* Release */,
			);
			defaultConfigurationIsVisible = 0;
			defaultConfigurationName = Release;
		};
/* End XCConfigurationList section */
	};
	rootObject = 2B5D36271764262400AE2616 /* Project object */;
}
